<Solution>
  <Folder Name="/host/">
    <Project Path="host/OrderFulfillment.Api/OrderFulfillment.Api.csproj" />
  </Folder>
  <Folder Name="/src/">
    <Project Path="src/SharedKernel/SharedKernel.csproj" />
  </Folder>
  <Folder Name="/src/Modules/" />
  <Folder Name="/src/Modules/Inventory/">
    <Project Path="src/Modules/Inventory/Inventory.Application/Inventory.Application.csproj" />
    <Project Path="src/Modules/Inventory/Inventory.Domain/Inventory.Domain.csproj" />
  </Folder>
  <Folder Name="/src/Modules/Notifications/">
    <Project Path="src/Modules/Notifications/Notifications.Application/Notifications.Application.csproj" />
  </Folder>
  <Folder Name="/src/Modules/Ordering/">
    <Project Path="src/Modules/Ordering/Ordering.Application/Ordering.Application.csproj" />
    <Project Path="src/Modules/Ordering/Ordering.Domain/Ordering.Domain.csproj" />
    <Project Path="src/Modules/Ordering/Ordering.Infrastructure/Ordering.Infrastructure.csproj" />
  </Folder>
  <Folder Name="/src/Modules/Shipping/">
    <Project Path="src/Modules/Shipping/Shipping.Application/Shipping.Application.csproj" />
    <Project Path="src/Modules/Shipping/Shipping.Domain/Shipping.Domain.csproj" />
  </Folder>
  <Folder Name="/tests/">
    <Project Path="tests/Ordering.Tests.Unit/Ordering.Tests.Unit.csproj" />
  </Folder>
</Solution>
